
Microsoft Visual Studio Solution File, Format Version 12.00
# Visual Studio Version 17
VisualStudioVersion = 17.9.34728.123
MinimumVisualStudioVersion = 10.0.40219.1
Project("{FAE04EC0-301F-11D3-BF4B-00C04F79EFBC}") = "Redis.Pub.Sub.Consumer", "Redis.Pub.Sub.Consumer\Redis.Pub.Sub.Consumer.csproj", "{C8E9A7EA-2F74-47E9-B432-835713CAFC61}"
EndProject
Project("{FAE04EC0-301F-11D3-BF4B-00C04F79EFBC}") = "Redis.Pub.Sub.Publisher", "Redis.Pub.Sub.Publisher\Redis.Pub.Sub.Publisher.csproj", "{8F061B78-45A1-4C4B-823D-D268CE18644D}"
EndProject
Global
	GlobalSection(SolutionConfigurationPlatforms) = preSolution
		Debug|Any CPU = Debug|Any CPU
		Release|Any CPU = Release|Any CPU
	EndGlobalSection
	GlobalSection(ProjectConfigurationPlatforms) = postSolution
		{C8E9A7EA-2F74-47E9-B432-835713CAFC61}.Debug|Any CPU.ActiveCfg = Debug|Any CPU
		{C8E9A7EA-2F74-47E9-B432-835713CAFC61}.Debug|Any CPU.Build.0 = Debug|Any CPU
		{C8E9A7EA-2F74-47E9-B432-835713CAFC61}.Release|Any CPU.ActiveCfg = Release|Any CPU
		{C8E9A7EA-2F74-47E9-B432-835713CAFC61}.Release|Any CPU.Build.0 = Release|Any CPU
		{8F061B78-45A1-4C4B-823D-D268CE18644D}.Debug|Any CPU.ActiveCfg = Debug|Any CPU
		{8F061B78-45A1-4C4B-823D-D268CE18644D}.Debug|Any CPU.Build.0 = Debug|Any CPU
		{8F061B78-45A1-4C4B-823D-D268CE18644D}.Release|Any CPU.ActiveCfg = Release|Any CPU
		{8F061B78-45A1-4C4B-823D-D268CE18644D}.Release|Any CPU.Build.0 = Release|Any CPU
	EndGlobalSection
	GlobalSection(SolutionProperties) = preSolution
		HideSolutionNode = FALSE
	EndGlobalSection
	GlobalSection(ExtensibilityGlobals) = postSolution
		SolutionGuid = {B67327C3-71D2-4BAC-B83C-066E3AAE3F76}
	EndGlobalSection
EndGlobal
